Microsoft Visual Studio Solution File, Format Version 12.00
# Visual Studio 14
VisualStudioVersion = 14.0.25420.1
MinimumVisualStudioVersion = 10.0.40219.1
Project("{2150E333-8FDC-42A3-9474-1A3956D46DE8}") = "Templates", "Templates", "{AFAF90F3-0E8E-40FC-A30B-886D9542FF44}"
EndProject
Project("{2150E333-8FDC-42A3-9474-1A3956D46DE8}") = "Assemblies", "Assemblies", "{0284A0B2-019E-4707-AC81-C7EF6740694F}"
EndProject
Project("{2150E333-8FDC-42A3-9474-1A3956D46DE8}") = "Templating", "Templating", "{3DE81B66-2550-4DE0-9076-B8D0BDD1A94F}"
EndProject
Project("{FAE04EC0-301F-11D3-BF4B-00C04F79EFBC}") = "Templating.UnitTests", "Assemblies\Templating\UnitTests\Templating.UnitTests.csproj", "{4B7B51D7-8E5E-4F41-B15F-567EC165A327}"
EndProject
Project("{FAE04EC0-301F-11D3-BF4B-00C04F79EFBC}") = "Templating.IntegrationTests", "Assemblies\Templating\IntegrationTests\Templating.IntegrationTests.csproj", "{3F05216D-9E50-40E7-9235-EFA9D792D70A}"
EndProject
Project("{FAE04EC0-301F-11D3-BF4B-00C04F79EFBC}") = "Templating", "Assemblies\Templating\Project\Templating.csproj", "{706646B2-F6BC-4A97-8D8A-CCD6D325000D}"
EndProject
Project("{2150E333-8FDC-42A3-9474-1A3956D46DE8}") = ".Global", ".Global", "{45C61118-1EC6-4748-9E79-2A44FC21AE7B}"
EndProject
Project("{2150E333-8FDC-42A3-9474-1A3956D46DE8}") = "Build", "Build", "{D0098F07-1365-4F6E-9B58-04C190C05391}"
	ProjectSection(SolutionItems) = preProject
		.Global\Build\Build.props = .Global\Build\Build.props
		.Global\Build\Build.targets = .Global\Build\Build.targets
	EndProjectSection
EndProject
Project("{2150E333-8FDC-42A3-9474-1A3956D46DE8}") = "CodeAnalysis", "CodeAnalysis", "{D4C06315-AEE4-4592-968B-1DE76A64FB4E}"
	ProjectSection(SolutionItems) = preProject
		.Global\CodeAnalysis\Solution.ruleset = .Global\CodeAnalysis\Solution.ruleset
		.Global\CodeAnalysis\Solution.Tests.ruleset = .Global\CodeAnalysis\Solution.Tests.ruleset
		.Global\CodeAnalysis\SolutionDictionary.xml = .Global\CodeAnalysis\SolutionDictionary.xml
		.Global\CodeAnalysis\SolutionSuppressions.cs = .Global\CodeAnalysis\SolutionSuppressions.cs
	EndProjectSection
EndProject
Project("{2150E333-8FDC-42A3-9474-1A3956D46DE8}") = "Documents", "Documents", "{B5717C0C-9D22-4DD6-9856-EC9C141C9971}"
	ProjectSection(SolutionItems) = preProject
		ReadMe.md = ReadMe.md
	EndProjectSection
EndProject
Project("{2150E333-8FDC-42A3-9474-1A3956D46DE8}") = "NuGet", "NuGet", "{6F267AD9-891D-4D7F-84BE-30C53D414AE5}"
	ProjectSection(SolutionItems) = preProject
		NuGet.config = NuGet.config
	EndProjectSection
EndProject
Project("{2150E333-8FDC-42A3-9474-1A3956D46DE8}") = "Properties", "Properties", "{E2DD4B9C-93C0-47CD-83D0-CA9B01B8389D}"
	ProjectSection(SolutionItems) = preProject
		.Global\Properties\Solution-Basic-AssemblyInfo.cs = .Global\Properties\Solution-Basic-AssemblyInfo.cs
		.Global\Properties\Solution-Version-AssemblyInfo.cs = .Global\Properties\Solution-Version-AssemblyInfo.cs
	EndProjectSection
EndProject
Project("{2150E333-8FDC-42A3-9474-1A3956D46DE8}") = "Signing", "Signing", "{159F33E7-10EF-4EEB-9BB9-AD91965C89B3}"
	ProjectSection(SolutionItems) = preProject
		.Global\Signing\ReadMe.txt = .Global\Signing\ReadMe.txt
		.Global\Signing\StrongName.Development.snk = .Global\Signing\StrongName.Development.snk
		.Global\Signing\StrongName.snk = .Global\Signing\StrongName.snk
	EndProjectSection
EndProject
Project("{FAE04EC0-301F-11D3-BF4B-00C04F79EFBC}") = "Solution-Level-Packages", ".Global\NuGet\Solution-Level-Packages.csproj", "{495F7393-3EDA-4AED-9951-4817312E5554}"
EndProject
Project("{FAE04EC0-301F-11D3-BF4B-00C04F79EFBC}") = "Package", "Package\Package.csproj", "{1A0A592C-76A9-42FA-A436-DED53B1AD7B7}"
EndProject
Project("{2150E333-8FDC-42A3-9474-1A3956D46DE8}") = "Common", "Common", "{076C33DB-7650-4DC2-A6D5-70E9D4E6F710}"
EndProject
Project("{FAE04EC0-301F-11D3-BF4B-00C04F79EFBC}") = "Common", "Assemblies\Common\Project\Common.csproj", "{DAAEBBD8-05D6-4B45-B2A9-2FDF4FCEC2D2}"
EndProject
Project("{FAE04EC0-301F-11D3-BF4B-00C04F79EFBC}") = "Common.UnitTests", "Assemblies\Common\UnitTests\Common.UnitTests.csproj", "{6CC264B4-5F01-405E-8F4B-90207BB1C228}"
EndProject
Project("{FAE04EC0-301F-11D3-BF4B-00C04F79EFBC}") = "Common.IntegrationTests", "Assemblies\Common\IntegrationTests\Common.IntegrationTests.csproj", "{DDBCB877-05EF-4C71-A695-048F8EB36563}"
EndProject
Project("{FAE04EC0-301F-11D3-BF4B-00C04F79EFBC}") = "Test", "Templates\Test\Test.csproj", "{41DD85DD-D201-443D-85F4-C2E93F633D60}"
EndProject
Project("{2150E333-8FDC-42A3-9474-1A3956D46DE8}") = "Project", "Project", "{5848E2DE-67C5-498E-AD2A-24134B61007B}"
EndProject
Project("{2150E333-8FDC-42A3-9474-1A3956D46DE8}") = "Solution-files", "Solution-files", "{552AB37E-3514-4DEA-AA94-5856D03DB393}"
	ProjectSection(SolutionItems) = preProject
		Templates\Project\Solution-files\.gitignore = Templates\Project\Solution-files\.gitignore
		Templates\Project\Solution-files\NuGet.config = Templates\Project\Solution-files\NuGet.config
	EndProjectSection
EndProject
Project("{2150E333-8FDC-42A3-9474-1A3956D46DE8}") = ".Global", ".Global", "{C93ADA3A-A887-42FF-8095-57B48B47505A}"
EndProject
Project("{2150E333-8FDC-42A3-9474-1A3956D46DE8}") = "Build", "Build", "{9ABD8EEB-6AB2-4FC8-8BF1-372440284FF3}"
	ProjectSection(SolutionItems) = preProject
		Templates\Project\Solution-files\.Global\Build\Build.props = Templates\Project\Solution-files\.Global\Build\Build.props
		Templates\Project\Solution-files\.Global\Build\Build.targets = Templates\Project\Solution-files\.Global\Build\Build.targets
	EndProjectSection
EndProject
Project("{2150E333-8FDC-42A3-9474-1A3956D46DE8}") = "CodeAnalysis", "CodeAnalysis", "{23CECB06-24AB-4AB6-97C4-1A2A3AF58AB9}"
	ProjectSection(SolutionItems) = preProject
		Templates\Project\Solution-files\.Global\CodeAnalysis\Solution.ruleset = Templates\Project\Solution-files\.Global\CodeAnalysis\Solution.ruleset
		Templates\Project\Solution-files\.Global\CodeAnalysis\Solution.Tests.ruleset = Templates\Project\Solution-files\.Global\CodeAnalysis\Solution.Tests.ruleset
		Templates\Project\Solution-files\.Global\CodeAnalysis\SolutionDictionary.xml = Templates\Project\Solution-files\.Global\CodeAnalysis\SolutionDictionary.xml
		Templates\Project\Solution-files\.Global\CodeAnalysis\SolutionSuppressions.cs = Templates\Project\Solution-files\.Global\CodeAnalysis\SolutionSuppressions.cs
	EndProjectSection
EndProject
Project("{2150E333-8FDC-42A3-9474-1A3956D46DE8}") = "NuGet", "NuGet", "{2CAB5327-6614-4123-9497-DD8994B89AAF}"
	ProjectSection(SolutionItems) = preProject
		Templates\Project\Solution-files\.Global\NuGet\packages.config = Templates\Project\Solution-files\.Global\NuGet\packages.config
		Templates\Project\Solution-files\.Global\NuGet\Solution-Level-Packages.csproj = Templates\Project\Solution-files\.Global\NuGet\Solution-Level-Packages.csproj
	EndProjectSection
EndProject
Project("{2150E333-8FDC-42A3-9474-1A3956D46DE8}") = "Properties", "Properties", "{9E266CAF-10CD-4748-A340-7888D745BA29}"
	ProjectSection(SolutionItems) = preProject
		Templates\Project\Solution-files\.Global\Properties\Solution-Basic-AssemblyInfo.cs = Templates\Project\Solution-files\.Global\Properties\Solution-Basic-AssemblyInfo.cs
		Templates\Project\Solution-files\.Global\Properties\Solution-Version-AssemblyInfo.cs = Templates\Project\Solution-files\.Global\Properties\Solution-Version-AssemblyInfo.cs
	EndProjectSection
EndProject
Project("{2150E333-8FDC-42A3-9474-1A3956D46DE8}") = "Signing", "Signing", "{D5BF92D9-B913-4254-8963-D0E43641E0EE}"
	ProjectSection(SolutionItems) = preProject
		Templates\Project\Solution-files\.Global\Signing\ReadMe.txt = Templates\Project\Solution-files\.Global\Signing\ReadMe.txt
		Templates\Project\Solution-files\.Global\Signing\StrongName.Development.snk = Templates\Project\Solution-files\.Global\Signing\StrongName.Development.snk
	EndProjectSection
EndProject
Global
	GlobalSection(SolutionConfigurationPlatforms) = preSolution
		Debug|Any CPU = Debug|Any CPU
		Release|Any CPU = Release|Any CPU
	EndGlobalSection
	GlobalSection(ProjectConfigurationPlatforms) = postSolution
		{4B7B51D7-8E5E-4F41-B15F-567EC165A327}.Debug|Any CPU.ActiveCfg = Debug|Any CPU
		{4B7B51D7-8E5E-4F41-B15F-567EC165A327}.Debug|Any CPU.Build.0 = Debug|Any CPU
		{4B7B51D7-8E5E-4F41-B15F-567EC165A327}.Release|Any CPU.ActiveCfg = Release|Any CPU
		{4B7B51D7-8E5E-4F41-B15F-567EC165A327}.Release|Any CPU.Build.0 = Release|Any CPU
		{3F05216D-9E50-40E7-9235-EFA9D792D70A}.Debug|Any CPU.ActiveCfg = Debug|Any CPU
		{3F05216D-9E50-40E7-9235-EFA9D792D70A}.Debug|Any CPU.Build.0 = Debug|Any CPU
		{3F05216D-9E50-40E7-9235-EFA9D792D70A}.Release|Any CPU.ActiveCfg = Release|Any CPU
		{3F05216D-9E50-40E7-9235-EFA9D792D70A}.Release|Any CPU.Build.0 = Release|Any CPU
		{706646B2-F6BC-4A97-8D8A-CCD6D325000D}.Debug|Any CPU.ActiveCfg = Debug|Any CPU
		{706646B2-F6BC-4A97-8D8A-CCD6D325000D}.Debug|Any CPU.Build.0 = Debug|Any CPU
		{706646B2-F6BC-4A97-8D8A-CCD6D325000D}.Release|Any CPU.ActiveCfg = Release|Any CPU
		{706646B2-F6BC-4A97-8D8A-CCD6D325000D}.Release|Any CPU.Build.0 = Release|Any CPU
		{495F7393-3EDA-4AED-9951-4817312E5554}.Debug|Any CPU.ActiveCfg = Debug|Any CPU
		{495F7393-3EDA-4AED-9951-4817312E5554}.Debug|Any CPU.Build.0 = Debug|Any CPU
		{495F7393-3EDA-4AED-9951-4817312E5554}.Release|Any CPU.ActiveCfg = Debug|Any CPU
		{495F7393-3EDA-4AED-9951-4817312E5554}.Release|Any CPU.Build.0 = Debug|Any CPU
		{1A0A592C-76A9-42FA-A436-DED53B1AD7B7}.Debug|Any CPU.ActiveCfg = Debug|Any CPU
		{1A0A592C-76A9-42FA-A436-DED53B1AD7B7}.Debug|Any CPU.Build.0 = Debug|Any CPU
		{1A0A592C-76A9-42FA-A436-DED53B1AD7B7}.Release|Any CPU.ActiveCfg = Release|Any CPU
		{1A0A592C-76A9-42FA-A436-DED53B1AD7B7}.Release|Any CPU.Build.0 = Release|Any CPU
		{DAAEBBD8-05D6-4B45-B2A9-2FDF4FCEC2D2}.Debug|Any CPU.ActiveCfg = Debug|Any CPU
		{DAAEBBD8-05D6-4B45-B2A9-2FDF4FCEC2D2}.Debug|Any CPU.Build.0 = Debug|Any CPU
		{DAAEBBD8-05D6-4B45-B2A9-2FDF4FCEC2D2}.Release|Any CPU.ActiveCfg = Release|Any CPU
		{DAAEBBD8-05D6-4B45-B2A9-2FDF4FCEC2D2}.Release|Any CPU.Build.0 = Release|Any CPU
		{6CC264B4-5F01-405E-8F4B-90207BB1C228}.Debug|Any CPU.ActiveCfg = Debug|Any CPU
		{6CC264B4-5F01-405E-8F4B-90207BB1C228}.Debug|Any CPU.Build.0 = Debug|Any CPU
		{6CC264B4-5F01-405E-8F4B-90207BB1C228}.Release|Any CPU.ActiveCfg = Release|Any CPU
		{6CC264B4-5F01-405E-8F4B-90207BB1C228}.Release|Any CPU.Build.0 = Release|Any CPU
		{DDBCB877-05EF-4C71-A695-048F8EB36563}.Debug|Any CPU.ActiveCfg = Debug|Any CPU
		{DDBCB877-05EF-4C71-A695-048F8EB36563}.Debug|Any CPU.Build.0 = Debug|Any CPU
		{DDBCB877-05EF-4C71-A695-048F8EB36563}.Release|Any CPU.ActiveCfg = Release|Any CPU
		{DDBCB877-05EF-4C71-A695-048F8EB36563}.Release|Any CPU.Build.0 = Release|Any CPU
		{41DD85DD-D201-443D-85F4-C2E93F633D60}.Debug|Any CPU.ActiveCfg = Debug|Any CPU
		{41DD85DD-D201-443D-85F4-C2E93F633D60}.Debug|Any CPU.Build.0 = Debug|Any CPU
		{41DD85DD-D201-443D-85F4-C2E93F633D60}.Release|Any CPU.ActiveCfg = Release|Any CPU
		{41DD85DD-D201-443D-85F4-C2E93F633D60}.Release|Any CPU.Build.0 = Release|Any CPU
	EndGlobalSection
	GlobalSection(SolutionProperties) = preSolution
		HideSolutionNode = FALSE
	EndGlobalSection
	GlobalSection(NestedProjects) = preSolution
		{3DE81B66-2550-4DE0-9076-B8D0BDD1A94F} = {0284A0B2-019E-4707-AC81-C7EF6740694F}
		{4B7B51D7-8E5E-4F41-B15F-567EC165A327} = {3DE81B66-2550-4DE0-9076-B8D0BDD1A94F}
		{3F05216D-9E50-40E7-9235-EFA9D792D70A} = {3DE81B66-2550-4DE0-9076-B8D0BDD1A94F}
		{706646B2-F6BC-4A97-8D8A-CCD6D325000D} = {3DE81B66-2550-4DE0-9076-B8D0BDD1A94F}
		{D0098F07-1365-4F6E-9B58-04C190C05391} = {45C61118-1EC6-4748-9E79-2A44FC21AE7B}
		{D4C06315-AEE4-4592-968B-1DE76A64FB4E} = {45C61118-1EC6-4748-9E79-2A44FC21AE7B}
		{B5717C0C-9D22-4DD6-9856-EC9C141C9971} = {45C61118-1EC6-4748-9E79-2A44FC21AE7B}
		{6F267AD9-891D-4D7F-84BE-30C53D414AE5} = {45C61118-1EC6-4748-9E79-2A44FC21AE7B}
		{E2DD4B9C-93C0-47CD-83D0-CA9B01B8389D} = {45C61118-1EC6-4748-9E79-2A44FC21AE7B}
		{159F33E7-10EF-4EEB-9BB9-AD91965C89B3} = {45C61118-1EC6-4748-9E79-2A44FC21AE7B}
		{495F7393-3EDA-4AED-9951-4817312E5554} = {6F267AD9-891D-4D7F-84BE-30C53D414AE5}
		{076C33DB-7650-4DC2-A6D5-70E9D4E6F710} = {0284A0B2-019E-4707-AC81-C7EF6740694F}
		{DAAEBBD8-05D6-4B45-B2A9-2FDF4FCEC2D2} = {076C33DB-7650-4DC2-A6D5-70E9D4E6F710}
		{6CC264B4-5F01-405E-8F4B-90207BB1C228} = {076C33DB-7650-4DC2-A6D5-70E9D4E6F710}
		{DDBCB877-05EF-4C71-A695-048F8EB36563} = {076C33DB-7650-4DC2-A6D5-70E9D4E6F710}
		{41DD85DD-D201-443D-85F4-C2E93F633D60} = {AFAF90F3-0E8E-40FC-A30B-886D9542FF44}
		{5848E2DE-67C5-498E-AD2A-24134B61007B} = {AFAF90F3-0E8E-40FC-A30B-886D9542FF44}
		{552AB37E-3514-4DEA-AA94-5856D03DB393} = {5848E2DE-67C5-498E-AD2A-24134B61007B}
		{C93ADA3A-A887-42FF-8095-57B48B47505A} = {552AB37E-3514-4DEA-AA94-5856D03DB393}
		{9ABD8EEB-6AB2-4FC8-8BF1-372440284FF3} = {C93ADA3A-A887-42FF-8095-57B48B47505A}
		{23CECB06-24AB-4AB6-97C4-1A2A3AF58AB9} = {C93ADA3A-A887-42FF-8095-57B48B47505A}
		{2CAB5327-6614-4123-9497-DD8994B89AAF} = {C93ADA3A-A887-42FF-8095-57B48B47505A}
		{9E266CAF-10CD-4748-A340-7888D745BA29} = {C93ADA3A-A887-42FF-8095-57B48B47505A}
		{D5BF92D9-B913-4254-8963-D0E43641E0EE} = {C93ADA3A-A887-42FF-8095-57B48B47505A}
	EndGlobalSection
EndGlobal
